
Microsoft Visual Studio Solution File, Format Version 12.00
# Visual Studio 15
VisualStudioVersion = 15.0.27130.2036
MinimumVisualStudioVersion = 10.0.40219.1
Project("{FAE04EC0-301F-11D3-BF4B-00C04F79EFBC}") = "CoAPExplorer.WPF", "src\CoAPExplorer.WPF\CoAPExplorer.WPF.csproj", "{9BEC4D6B-5BF2-4893-9E1E-17882B13D5E6}"
EndProject
Project("{2150E333-8FDC-42A3-9474-1A3956D46DE8}") = "src", "src", "{02E79D79-5DE2-4FD2-921B-643147B0FDA7}"
EndProject
Project("{9A19103F-16F7-4668-BE54-9A1E7A4F7556}") = "CoAPExplorer", "src\CoAPExplorer\CoAPExplorer.csproj", "{A18BDC5C-947F-4ACB-9413-F85E78D2704E}"
EndProject
Project("{2150E333-8FDC-42A3-9474-1A3956D46DE8}") = "Solution Items", "Solution Items", "{F2D4903E-1237-405F-B41A-C94931BAECEE}"
	ProjectSection(SolutionItems) = preProject
		.gitignore = .gitignore
		appveyor.yml = appveyor.yml
		Notes.md = Notes.md
		nuget.config = nuget.config
		Readme.md = Readme.md
	EndProjectSection
EndProject
Project("{2150E333-8FDC-42A3-9474-1A3956D46DE8}") = "Tools", "Tools", "{6E6E4765-D2A5-43F8-BD2C-669AF6DCC78D}"
EndProject
Project("{9A19103F-16F7-4668-BE54-9A1E7A4F7556}") = "Database", "Tools\Database\Database.csproj", "{B1BD0B92-5936-4E98-B13E-CD5D5D239A04}"
EndProject
Project("{2150E333-8FDC-42A3-9474-1A3956D46DE8}") = "Tests", "Tests", "{9C82C172-B4A0-4C94-ADB3-ED7CB18C8439}"
EndProject
Project("{FAE04EC0-301F-11D3-BF4B-00C04F79EFBC}") = "CoAPExplorer.WPF.Tests", "Tests\CoAPExplorer.WPF.Tests\CoAPExplorer.WPF.Tests.csproj", "{A6D994B5-DC66-466D-A460-F5042EDA4D5F}"
EndProject
Project("{2150E333-8FDC-42A3-9474-1A3956D46DE8}") = "Media", "Media", "{C3297368-6E89-4E86-8386-79807CC31156}"
EndProject
Global
	GlobalSection(SolutionConfigurationPlatforms) = preSolution
		Debug|Any CPU = Debug|Any CPU
		Release|Any CPU = Release|Any CPU
	EndGlobalSection
	GlobalSection(ProjectConfigurationPlatforms) = postSolution
		{9BEC4D6B-5BF2-4893-9E1E-17882B13D5E6}.Debug|Any CPU.ActiveCfg = Debug|Any CPU
		{9BEC4D6B-5BF2-4893-9E1E-17882B13D5E6}.Debug|Any CPU.Build.0 = Debug|Any CPU
		{9BEC4D6B-5BF2-4893-9E1E-17882B13D5E6}.Release|Any CPU.ActiveCfg = Release|Any CPU
		{9BEC4D6B-5BF2-4893-9E1E-17882B13D5E6}.Release|Any CPU.Build.0 = Release|Any CPU
		{A18BDC5C-947F-4ACB-9413-F85E78D2704E}.Debug|Any CPU.ActiveCfg = Debug|Any CPU
		{A18BDC5C-947F-4ACB-9413-F85E78D2704E}.Debug|Any CPU.Build.0 = Debug|Any CPU
		{A18BDC5C-947F-4ACB-9413-F85E78D2704E}.Release|Any CPU.ActiveCfg = Release|Any CPU
		{A18BDC5C-947F-4ACB-9413-F85E78D2704E}.Release|Any CPU.Build.0 = Release|Any CPU
		{B1BD0B92-5936-4E98-B13E-CD5D5D239A04}.Debug|Any CPU.ActiveCfg = Debug|Any CPU
		{B1BD0B92-5936-4E98-B13E-CD5D5D239A04}.Debug|Any CPU.Build.0 = Debug|Any CPU
		{B1BD0B92-5936-4E98-B13E-CD5D5D239A04}.Release|Any CPU.ActiveCfg = Release|Any CPU
		{B1BD0B92-5936-4E98-B13E-CD5D5D239A04}.Release|Any CPU.Build.0 = Release|Any CPU
		{A6D994B5-DC66-466D-A460-F5042EDA4D5F}.Debug|Any CPU.ActiveCfg = Debug|Any CPU
		{A6D994B5-DC66-466D-A460-F5042EDA4D5F}.Debug|Any CPU.Build.0 = Debug|Any CPU
		{A6D994B5-DC66-466D-A460-F5042EDA4D5F}.Release|Any CPU.ActiveCfg = Release|Any CPU
		{A6D994B5-DC66-466D-A460-F5042EDA4D5F}.Release|Any CPU.Build.0 = Release|Any CPU
	EndGlobalSection
	GlobalSection(SolutionProperties) = preSolution
		HideSolutionNode = FALSE
	EndGlobalSection
	GlobalSection(NestedProjects) = preSolution
		{9BEC4D6B-5BF2-4893-9E1E-17882B13D5E6} = {02E79D79-5DE2-4FD2-921B-643147B0FDA7}
		{A18BDC5C-947F-4ACB-9413-F85E78D2704E} = {02E79D79-5DE2-4FD2-921B-643147B0FDA7}
		{B1BD0B92-5936-4E98-B13E-CD5D5D239A04} = {6E6E4765-D2A5-43F8-BD2C-669AF6DCC78D}
		{A6D994B5-DC66-466D-A460-F5042EDA4D5F} = {9C82C172-B4A0-4C94-ADB3-ED7CB18C8439}
		{C3297368-6E89-4E86-8386-79807CC31156} = {F2D4903E-1237-405F-B41A-C94931BAECEE}
	EndGlobalSection
	GlobalSection(ExtensibilityGlobals) = postSolution
		SolutionGuid = {F1A27755-63B4-411F-A681-40D8C089EBA6}
	EndGlobalSection
EndGlobal
